PODS:
  - ReachabilitySwift (5.0.0)
  - SVProgressHUD (2.2.5)
  - SwiftyXMLParser (5.1.0)

DEPENDENCIES:
  - ReachabilitySwift
  - SVProgressHUD (from `https://github.com/mmdock/SVProgressHUD.git`, branch `patch-1`)
  - SwiftyXMLParser (from `https://github.com/yahoojapan/SwiftyXMLParser.git`)

SPEC REPOS:
  trunk:
    - ReachabilitySwift

EXTERNAL SOURCES:
  SVProgressHUD:
    :branch: patch-1
    :git: https://github.com/mmdock/SVProgressHUD.git
  SwiftyXMLParser:
    :git: https://github.com/yahoojapan/SwiftyXMLParser.git

CHECKOUT OPTIONS:
  SVProgressHUD:
    :commit: 41afba447103c44c55482db1174569172607c1e6
    :git: https://github.com/mmdock/SVProgressHUD.git
  SwiftyXMLParser:
    :commit: ec7f183642adf429babd867d1a38c5c6912408ba
    :git: https://github.com/yahoojapan/SwiftyXMLParser.git

SPEC CHECKSUMS:
  ReachabilitySwift: 985039c6f7b23a1da463388634119492ff86c825
  SVProgressHUD: 1428aafac632c1f86f62aa4243ec12008d7a51d6
  SwiftyXMLParser: 23b5a9321a8adf72aae29046ea58c3d097b4ac17

PODFILE CHECKSUM: 872e8d9bf255e04206e7300727fac9edecb69520

COCOAPODS: 1.10.1
